// !$*UTF8*$!
{
	archiveVersion = 1;
	classes = {
	};
	objectVersion = 77;
	objects = {

/* Begin PBXBuildFile section */
		840F9F9C2D89D722000E280B /* GoogleGenerativeAI in Frameworks */ = {isa = PBXBuildFile; productRef = 840F9F9B2D89D722000E280B /* GoogleGenerativeAI */; };
/* End PBXBuildFile section */

/* Begin PBXContainerItemProxy section */
		840F9F692D892778000E280B /* PBXContainerItemProxy */ = {
			isa = PBXContainerItemProxy;
			containerPortal = 840F9F502D892777000E280B /* Project object */;
			proxyType = 1;
			remoteGlobalIDString = 840F9F572D892777000E280B;
			remoteInfo = ResumeAI;
		};
		840F9F732D892778000E280B /* PBXContainerItemProxy */ = {
			isa = PBXContainerItemProxy;
			containerPortal = 840F9F502D892777000E280B /* Project object */;
			proxyType = 1;
			remoteGlobalIDString = 840F9F572D892777000E280B;
			remoteInfo = ResumeAI;
		};
/* End PBXContainerItemProxy section */

/* Begin PBXFileReference section */
		840F9F582D892777000E280B /* ResumeAI.app */ = {isa = PBXFileReference; explicitFileType = wrapper.application; includeInIndex = 0; path = ResumeAI.app; sourceTree = BUILT_PRODUCTS_DIR; };
		840F9F682D892778000E280B /* ResumeAITests.xctest */ = {isa = PBXFileReference; explicitFileType = wrapper.cfbundle; includeInIndex = 0; path = ResumeAITests.xctest; sourceTree = BUILT_PRODUCTS_DIR; };
		840F9F722D892778000E280B /* ResumeAIUITests.xctest */ = {isa = PBXFileReference; explicitFileType = wrapper.cfbundle; includeInIndex = 0; path = ResumeAIUITests.xctest; sourceTree = BUILT_PRODUCTS_DIR; };
/* End PBXFileReference section */

/* Begin PBXFileSystemSynchronizedBuildFileExceptionSet section */
		840F9F962D893F48000E280B /* Exceptions for "ResumeAI" folder in "ResumeAI" target */ = {
			isa = PBXFileSystemSynchronizedBuildFileExceptionSet;
			membershipExceptions = (
				"Preview Content/Info.plist",
			);
			target = 840F9F572D892777000E280B /* ResumeAI */;
		};
/* End PBXFileSystemSynchronizedBuildFileExceptionSet section */

/* Begin PBXFileSystemSynchronizedRootGroup section */
		840F9F5A2D892777000E280B /* ResumeAI */ = {
			isa = PBXFileSystemSynchronizedRootGroup;
			exceptions = (
				840F9F962D893F48000E280B /* Exceptions for "ResumeAI" folder in "ResumeAI" target */,
			);
			path = ResumeAI;
			sourceTree = "<group>";
		};
		840F9F6B2D892778000E280B /* ResumeAITests */ = {
			isa = PBXFileSystemSynchronizedRootGroup;
			path = ResumeAITests;
			sourceTree = "<group>";
		};
		840F9F752D892778000E280B /* ResumeAIUITests */ = {
			isa = PBXFileSystemSynchronizedRootGroup;
			path = ResumeAIUITests;
			sourceTree = "<group>";
		};
/* End PBXFileSystemSynchronizedRootGroup section */

/* Begin PBXFrameworksBuildPhase section */
		840F9F552D892777000E280B /* Frameworks */ = {
			isa = PBXFrameworksBuildPhase;
			buildActionMask = 2147483647;
			files = (
				840F9F9C2D89D722000E280B /* GoogleGenerativeAI in Frameworks */,
			);
			runOnlyForDeploymentPostprocessing = 0;
		};
		840F9F652D892778000E280B /* Frameworks */ = {
			isa = PBXFrameworksBuildPhase;
			buildActionMask = 2147483647;
			files = (
			);
			runOnlyForDeploymentPostprocessing = 0;
		};
		840F9F6F2D892778000E280B /* Frameworks */ = {
			isa = PBXFrameworksBuildPhase;
			buildActionMask = 2147483647;
			files = (
			);
			runOnlyForDeploymentPostprocessing = 0;
		};
/* End PBXFrameworksBuildPhase section */

/* Begin PBXGroup section */
		840F9F4F2D892777000E280B = {
			isa = PBXGroup;
			children = (
				840F9F5A2D892777000E280B /* ResumeAI */,
				840F9F6B2D892778000E280B /* ResumeAITests */,
				840F9F752D892778000E280B /* ResumeAIUITests */,
				840F9F9A2D89D722000E280B /* Frameworks */,
				840F9F592D892777000E280B /* Products */,
			);
			sourceTree = "<group>";
		};
		840F9F592D892777000E280B /* Products */ = {
			isa = PBXGroup;
			children = (
				840F9F582D892777000E280B /* ResumeAI.app */,
				840F9F682D892778000E280B /* ResumeAITests.xctest */,
				840F9F722D892778000E280B /* ResumeAIUITests.xctest */,
			);
			name = Products;
			sourceTree = "<group>";
		};
		840F9F9A2D89D722000E280B /* Frameworks */ = {
			isa = PBXGroup;
			children = (
			);
			name = Frameworks;
			sourceTree = "<group>";
		};
/* End PBXGroup section */

/* Begin PBXNativeTarget section */
		840F9F572D892777000E280B /* ResumeAI */ = {
			isa = PBXNativeTarget;
			buildConfigurationList = 840F9F7C2D892778000E280B /* Build configuration list for PBXNativeTarget "ResumeAI" */;
			buildPhases = (
				840F9F542D892777000E280B /* Sources */,
				840F9F552D892777000E280B /* Frameworks */,
				840F9F562D892777000E280B /* Resources */,
			);
			buildRules = (
			);
			dependencies = (
			);
			fileSystemSynchronizedGroups = (
				840F9F5A2D892777000E280B /* ResumeAI */,
			);
			name = ResumeAI;
			packageProductDependencies = (
				840F9F9B2D89D722000E280B /* GoogleGenerativeAI */,
			);
			productName = ResumeAI;
			productReference = 840F9F582D892777000E280B /* ResumeAI.app */;
			productType = "com.apple.product-type.application";
		};
		840F9F672D892778000E280B /* ResumeAITests */ = {
			isa = PBXNativeTarget;
			buildConfigurationList = 840F9F7F2D892778000E280B /* Build configuration list for PBXNativeTarget "ResumeAITests" */;
			buildPhases = (
				840F9F642D892778000E280B /* Sources */,
				840F9F652D892778000E280B /* Frameworks */,
				840F9F662D892778000E280B /* Resources */,
			);
			buildRules = (
			);
			dependencies = (
				840F9F6A2D892778000E280B /* PBXTargetDependency */,
			);
			fileSystemSynchronizedGroups = (
				840F9F6B2D892778000E280B /* ResumeAITests */,
			);
			name = ResumeAITests;
			packageProductDependencies = (
			);
			productName = ResumeAITests;
			productReference = 840F9F682D892778000E280B /* ResumeAITests.xctest */;
			productType = "com.apple.product-type.bundle.unit-test";
		};
		840F9F712D892778000E280B /* ResumeAIUITests */ = {
			isa = PBXNativeTarget;
			buildConfigurationList = 840F9F822D892778000E280B /* Build configuration list for PBXNativeTarget "ResumeAIUITests" */;
			buildPhases = (
				840F9F6E2D892778000E280B /* Sources */,
				840F9F6F2D892778000E280B /* Frameworks */,
				840F9F702D892778000E280B /* Resources */,
			);
			buildRules = (
			);
			dependencies = (
				840F9F742D892778000E280B /* PBXTargetDependency */,
			);
			fileSystemSynchronizedGroups = (
				840F9F752D892778000E280B /* ResumeAIUITests */,
			);
			name = ResumeAIUITests;
			packageProductDependencies = (
			);
			productName = ResumeAIUITests;
			productReference = 840F9F722D892778000E280B /* ResumeAIUITests.xctest */;
			productType = "com.apple.product-type.bundle.ui-testing";
		};
/* End PBXNativeTarget section */

/* Begin PBXProject section */
		840F9F502D892777000E280B /* Project object */ = {
			isa = PBXProject;
			attributes = {
				BuildIndependentTargetsInParallel = 1;
				LastSwiftUpdateCheck = 1620;
				LastUpgradeCheck = 1620;
				TargetAttributes = {
					840F9F572D892777000E280B = {
						CreatedOnToolsVersion = 16.2;
					};
					840F9F672D892778000E280B = {
						CreatedOnToolsVersion = 16.2;
						TestTargetID = 840F9F572D892777000E280B;
					};
					840F9F712D892778000E280B = {
						CreatedOnToolsVersion = 16.2;
						TestTargetID = 840F9F572D892777000E280B;
					};
				};
			};
			buildConfigurationList = 840F9F532D892777000E280B /* Build configuration list for PBXProject "ResumeAI" */;
			developmentRegion = en;
			hasScannedForEncodings = 0;
			knownRegions = (
				en,
				Base,
			);
			mainGroup = 840F9F4F2D892777000E280B;
			minimizedProjectReferenceProxies = 1;
			packageReferences = (
				840F9F992D89D5FA000E280B /* XCRemoteSwiftPackageReference "generative-ai-swift" */,
			);
			preferredProjectObjectVersion = 77;
			productRefGroup = 840F9F592D892777000E280B /* Products */;
			projectDirPath = "";
			projectRoot = "";
			targets = (
				840F9F572D892777000E280B /* ResumeAI */,
				840F9F672D892778000E280B /* ResumeAITests */,
				840F9F712D892778000E280B /* ResumeAIUITests */,
			);
		};
/* End PBXProject section */

/* Begin PBXResourcesBuildPhase section */
		840F9F562D892777000E280B /* Resources */ = {
			isa = PBXResourcesBuildPhase;
			buildActionMask = 2147483647;
			files = (
			);
			runOnlyForDeploymentPostprocessing = 0;
		};
		840F9F662D892778000E280B /* Resources */ = {
			isa = PBXResourcesBuildPhase;
			buildActionMask = 2147483647;
			files = (
			);
			runOnlyForDeploymentPostprocessing = 0;
		};
		840F9F702D892778000E280B /* Resources */ = {
			isa = PBXResourcesBuildPhase;
			buildActionMask = 2147483647;
			files = (
			);
			runOnlyForDeploymentPostprocessing = 0;
		};
/* End PBXResourcesBuildPhase section */

/* Begin PBXSourcesBuildPhase section */
		840F9F542D892777000E280B /* Sources */ = {
			isa = PBXSourcesBuildPhase;
			buildActionMask = 2147483647;
			files = (
			);
			runOnlyForDeploymentPostprocessing = 0;
		};
		840F9F642D892778000E280B /* Sources */ = {
			isa = PBXSourcesBuildPhase;
			buildActionMask = 2147483647;
			files = (
			);
			runOnlyForDeploymentPostprocessing = 0;
		};
		840F9F6E2D892778000E280B /* Sources */ = {
			isa = PBXSourcesBuildPhase;
			buildActionMask = 2147483647;
			files = (
			);
			runOnlyForDeploymentPostprocessing = 0;
		};
/* End PBXSourcesBuildPhase section */

/* Begin PBXTargetDependency section */
		840F9F6A2D892778000E280B /* PBXTargetDependency */ = {
			isa = PBXTargetDependency;
			target = 840F9F572D892777000E280B /* ResumeAI */;
			targetProxy = 840F9F692D892778000E280B /* PBXContainerItemProxy */;
		};
		840F9F742D892778000E280B /* PBXTargetDependency */ = {
			isa = PBXTargetDependency;
			target = 840F9F572D892777000E280B /* ResumeAI */;
			targetProxy = 840F9F732D892778000E280B /* PBXContainerItemProxy */;
		};
/* End PBXTargetDependency section */

/* Begin XCBuildConfiguration section */
		840F9F7A2D892778000E280B /* Debug */ = {
			isa = XCBuildConfiguration;
			buildSettings = {
				ALWAYS_SEARCH_USER_PATHS = NO;
				ASSETCATALOG_COMPILER_GENERATE_SWIFT_ASSET_SYMBOL_EXTENSIONS = YES;
				CLANG_ANALYZER_NONNULL = YES;
				CLANG_ANALYZER_NUMBER_OBJECT_CONVERSION = YES_AGGRESSIVE;
				CLANG_CXX_LANGUAGE_STANDARD = "gnu++20";
				CLANG_ENABLE_MODULES = YES;
				CLANG_ENABLE_OBJC_ARC = YES;
				CLANG_ENABLE_OBJC_WEAK = YES;
				CLANG_WARN_BLOCK_CAPTURE_AUTORELEASING = YES;
				CLANG_WARN_BOOL_CONVERSION = YES;
				CLANG_WARN_COMMA = YES;
				CLANG_WARN_CONSTANT_CONVERSION = YES;
				CLANG_WARN_DEPRECATED_OBJC_IMPLEMENTATIONS = YES;
				CLANG_WARN_DIRECT_OBJC_ISA_USAGE = YES_ERROR;
				CLANG_WARN_DOCUMENTATION_COMMENTS = YES;
				CLANG_WARN_EMPTY_BODY = YES;
				CLANG_WARN_ENUM_CONVERSION = YES;
				CLANG_WARN_INFINITE_RECURSION = YES;
				CLANG_WARN_INT_CONVERSION = YES;
				CLANG_WARN_NON_LITERAL_NULL_CONVERSION = YES;
				CLANG_WARN_OBJC_IMPLICIT_RETAIN_SELF = YES;
				CLANG_WARN_OBJC_LITERAL_CONVERSION = YES;
				CLANG_WARN_OBJC_ROOT_CLASS = YES_ERROR;
				CLANG_WARN_QUOTED_INCLUDE_IN_FRAMEWORK_HEADER = YES;
				CLANG_WARN_RANGE_LOOP_ANALYSIS = YES;
				CLANG_WARN_STRICT_PROTOTYPES = YES;
				CLANG_WARN_SUSPICIOUS_MOVE = YES;
				CLANG_WARN_UNGUARDED_AVAILABILITY = YES_AGGRESSIVE;
				CLANG_WARN_UNREACHABLE_CODE = YES;
				CLANG_WARN__DUPLICATE_METHOD_MATCH = YES;
				COPY_PHASE_STRIP = NO;
				DEBUG_INFORMATION_FORMAT = dwarf;
				ENABLE_STRICT_OBJC_MSGSEND = YES;
				ENABLE_TESTABILITY = YES;
				ENABLE_USER_SCRIPT_SANDBOXING = YES;
				GCC_C_LANGUAGE_STANDARD = gnu17;
				GCC_DYNAMIC_NO_PIC = NO;
				GCC_NO_COMMON_BLOCKS = YES;
				GCC_OPTIMIZATION_LEVEL = 0;
				GCC_PREPROCESSOR_DEFINITIONS = (
					"DEBUG=1",
					"$(inherited)",
				);
				GCC_WARN_64_TO_32_BIT_CONVERSION = YES;
				GCC_WARN_ABOUT_RETURN_TYPE = YES_ERROR;
				GCC_WARN_UNDECLARED_SELECTOR = YES;
				GCC_WARN_UNINITIALIZED_AUTOS = YES_AGGRESSIVE;
				GCC_WARN_UNUSED_FUNCTION = YES;
				GCC_WARN_UNUSED_VARIABLE = YES;
				IPHONEOS_DEPLOYMENT_TARGET = 18.2;
				LOCALIZATION_PREFERS_STRING_CATALOGS = YES;
				MTL_ENABLE_DEBUG_INFO = INCLUDE_SOURCE;
				MTL_FAST_MATH = YES;
				ONLY_ACTIVE_ARCH = YES;
				SDKROOT = iphoneos;
				SWIFT_ACTIVE_COMPILATION_CONDITIONS = "DEBUG $(inherited)";
				SWIFT_OPTIMIZATION_LEVEL = "-Onone";
			};
			name = Debug;
		};
		840F9F7B2D892778000E280B /* Release */ = {
			isa = XCBuildConfiguration;
			buildSettings = {
				ALWAYS_SEARCH_USER_PATHS = NO;
				ASSETCATALOG_COMPILER_GENERATE_SWIFT_ASSET_SYMBOL_EXTENSIONS = YES;
				CLANG_ANALYZER_NONNULL = YES;
				CLANG_ANALYZER_NUMBER_OBJECT_CONVERSION = YES_AGGRESSIVE;
				CLANG_CXX_LANGUAGE_STANDARD = "gnu++20";
				CLANG_ENABLE_MODULES = YES;
				CLANG_ENABLE_OBJC_ARC = YES;
				CLANG_ENABLE_OBJC_WEAK = YES;
				CLANG_WARN_BLOCK_CAPTURE_AUTORELEASING = YES;
				CLANG_WARN_BOOL_CONVERSION = YES;
				CLANG_WARN_COMMA = YES;
				CLANG_WARN_CONSTANT_CONVERSION = YES;
				CLANG_WARN_DEPRECATED_OBJC_IMPLEMENTATIONS = YES;
				CLANG_WARN_DIRECT_OBJC_ISA_USAGE = YES_ERROR;
				CLANG_WARN_DOCUMENTATION_COMMENTS = YES;
				CLANG_WARN_EMPTY_BODY = YES;
				CLANG_WARN_ENUM_CONVERSION = YES;
				CLANG_WARN_INFINITE_RECURSION = YES;
				CLANG_WARN_INT_CONVERSION = YES;
				CLANG_WARN_NON_LITERAL_NULL_CONVERSION = YES;
				CLANG_WARN_OBJC_IMPLICIT_RETAIN_SELF = YES;
				CLANG_WARN_OBJC_LITERAL_CONVERSION = YES;
				CLANG_WARN_OBJC_ROOT_CLASS = YES_ERROR;
				CLANG_WARN_QUOTED_INCLUDE_IN_FRAMEWORK_HEADER = YES;
				CLANG_WARN_RANGE_LOOP_ANALYSIS = YES;
				CLANG_WARN_STRICT_PROTOTYPES = YES;
				CLANG_WARN_SUSPICIOUS_MOVE = YES;
				CLANG_WARN_UNGUARDED_AVAILABILITY = YES_AGGRESSIVE;
				CLANG_WARN_UNREACHABLE_CODE = YES;
				CLANG_WARN__DUPLICATE_METHOD_MATCH = YES;
				COPY_PHASE_STRIP = NO;
				DEBUG_INFORMATION_FORMAT = "dwarf-with-dsym";
				ENABLE_NS_ASSERTIONS = NO;
				ENABLE_STRICT_OBJC_MSGSEND = YES;
				ENABLE_USER_SCRIPT_SANDBOXING = YES;
				GCC_C_LANGUAGE_STANDARD = gnu17;
				GCC_NO_COMMON_BLOCKS = YES;
				GCC_WARN_64_TO_32_BIT_CONVERSION = YES;
				GCC_WARN_ABOUT_RETURN_TYPE = YES_ERROR;
				GCC_WARN_UNDECLARED_SELECTOR = YES;
				GCC_WARN_UNINITIALIZED_AUTOS = YES_AGGRESSIVE;
				GCC_WARN_UNUSED_FUNCTION = YES;
				GCC_WARN_UNUSED_VARIABLE = YES;
				IPHONEOS_DEPLOYMENT_TARGET = 18.2;
				LOCALIZATION_PREFERS_STRING_CATALOGS = YES;
				MTL_ENABLE_DEBUG_INFO = NO;
				MTL_FAST_MATH = YES;
				SDKROOT = iphoneos;
				SWIFT_COMPILATION_MODE = wholemodule;
				VALIDATE_PRODUCT = YES;
			};
			name = Release;
		};
		840F9F7D2D892778000E280B /* Debug */ = {
			isa = XCBuildConfiguration;
			buildSettings = {
				ASSETCATALOG_COMPILER_APPICON_NAME = AppIcon;
				ASSETCATALOG_COMPILER_GLOBAL_ACCENT_COLOR_NAME = AccentColor;
				CODE_SIGN_STYLE = Automatic;
				CURRENT_PROJECT_VERSION = 1;
				DEVELOPMENT_ASSET_PATHS = "\"ResumeAI/Preview Content\"";
				DEVELOPMENT_TEAM = 6GKQ4YY93X;
				ENABLE_PREVIEWS = YES;
				GENERATE_INFOPLIST_FILE = YES;
				INFOPLIST_KEY_UIApplicationSceneManifest_Generation = YES;
				INFOPLIST_KEY_UIApplicationSupportsIndirectInputEvents = YES;
				INFOPLIST_KEY_UILaunchScreen_Generation = YES;
				INFOPLIST_KEY_UISupportedInterfaceOrientations_iPad = "UIInterfaceOrientationPortrait UIInterfaceOrientationPortraitUpsideDown UIInterfaceOrientationLandscapeLeft UIInterfaceOrientationLandscapeRight";
				INFOPLIST_KEY_UISupportedInterfaceOrientations_iPhone = "UIInterfaceOrientationPortrait UIInterfaceOrientationLandscapeLeft UIInterfaceOrientationLandscapeRight";
				LD_RUNPATH_SEARCH_PATHS = (
					"$(inherited)",
					"@executable_path/Frameworks",
				);
				MARKETING_VERSION = 1.0;
				PRODUCT_BUNDLE_IDENTIFIER = com.Basel.ResumeAI.ResumeAI;
				PRODUCT_NAME = "$(TARGET_NAME)";
				SWIFT_EMIT_LOC_STRINGS = YES;
				SWIFT_VERSION = 5.0;
				TARGETED_DEVICE_FAMILY = "1,2";
			};
			name = Debug;
		};
		840F9F7E2D892778000E280B /* Release */ = {
			isa = XCBuildConfiguration;
			buildSettings = {
				ASSETCATALOG_COMPILER_APPICON_NAME = AppIcon;
				ASSETCATALOG_COMPILER_GLOBAL_ACCENT_COLOR_NAME = AccentColor;
				CODE_SIGN_STYLE = Automatic;
				CURRENT_PROJECT_VERSION = 1;
				DEVELOPMENT_ASSET_PATHS = "\"ResumeAI/Preview Content\"";
				DEVELOPMENT_TEAM = 6GKQ4YY93X;
				ENABLE_PREVIEWS = YES;
				GENERATE_INFOPLIST_FILE = YES;
				INFOPLIST_KEY_UIApplicationSceneManifest_Generation = YES;
				INFOPLIST_KEY_UIApplicationSupportsIndirectInputEvents = YES;
				INFOPLIST_KEY_UILaunchScreen_Generation = YES;
				INFOPLIST_KEY_UISupportedInterfaceOrientations_iPad = "UIInterfaceOrientationPortrait UIInterfaceOrientationPortraitUpsideDown UIInterfaceOrientationLandscapeLeft UIInterfaceOrientationLandscapeRight";
				INFOPLIST_KEY_UISupportedInterfaceOrientations_iPhone = "UIInterfaceOrientationPortrait UIInterfaceOrientationLandscapeLeft UIInterfaceOrientationLandscapeRight";
				LD_RUNPATH_SEARCH_PATHS = (
					"$(inherited)",
					"@executable_path/Frameworks",
				);
				MARKETING_VERSION = 1.0;
				PRODUCT_BUNDLE_IDENTIFIER = com.Basel.ResumeAI.ResumeAI;
				PRODUCT_NAME = "$(TARGET_NAME)";
				SWIFT_EMIT_LOC_STRINGS = YES;
				SWIFT_VERSION = 5.0;
				TARGETED_DEVICE_FAMILY = "1,2";
			};
			name = Release;
		};
		840F9F802D892778000E280B /* Debug */ = {
			isa = XCBuildConfiguration;
			buildSettings = {
				BUNDLE_LOADER = "$(TEST_HOST)";
				CODE_SIGN_STYLE = Automatic;
				CURRENT_PROJECT_VERSION = 1;
				DEVELOPMENT_TEAM = 974Y866NW3;
				GENERATE_INFOPLIST_FILE = YES;
				IPHONEOS_DEPLOYMENT_TARGET = 18.2;
				MARKETING_VERSION = 1.0;
				PRODUCT_BUNDLE_IDENTIFIER = com.Basel.ResumeAI.ResumeAITests;
				PRODUCT_NAME = "$(TARGET_NAME)";
				SWIFT_EMIT_LOC_STRINGS = NO;
				SWIFT_VERSION = 5.0;
				TARGETED_DEVICE_FAMILY = "1,2";
				TEST_HOST = "$(BUILT_PRODUCTS_DIR)/ResumeAI.app/$(BUNDLE_EXECUTABLE_FOLDER_PATH)/ResumeAI";
			};
			name = Debug;
		};
		840F9F812D892778000E280B /* Release */ = {
			isa = XCBuildConfiguration;
			buildSettings = {
				BUNDLE_LOADER = "$(TEST_HOST)";
				CODE_SIGN_STYLE = Automatic;
				CURRENT_PROJECT_VERSION = 1;
				DEVELOPMENT_TEAM = 974Y866NW3;
				GENERATE_INFOPLIST_FILE = YES;
				IPHONEOS_DEPLOYMENT_TARGET = 18.2;
				MARKETING_VERSION = 1.0;
				PRODUCT_BUNDLE_IDENTIFIER = com.Basel.ResumeAI.ResumeAITests;
				PRODUCT_NAME = "$(TARGET_NAME)";
				SWIFT_EMIT_LOC_STRINGS = NO;
				SWIFT_VERSION = 5.0;
				TARGETED_DEVICE_FAMILY = "1,2";
				TEST_HOST = "$(BUILT_PRODUCTS_DIR)/ResumeAI.app/$(BUNDLE_EXECUTABLE_FOLDER_PATH)/ResumeAI";
			};
			name = Release;
		};
		840F9F832D892778000E280B /* Debug */ = {
			isa = XCBuildConfiguration;
			buildSettings = {
				CODE_SIGN_STYLE = Automatic;
				CURRENT_PROJECT_VERSION = 1;
				DEVELOPMENT_TEAM = 974Y866NW3;
				GENERATE_INFOPLIST_FILE = YES;
				MARKETING_VERSION = 1.0;
				PRODUCT_BUNDLE_IDENTIFIER = com.Basel.ResumeAI.ResumeAIUITests;
				PRODUCT_NAME = "$(TARGET_NAME)";
				SWIFT_EMIT_LOC_STRINGS = NO;
				SWIFT_VERSION = 5.0;
				TARGETED_DEVICE_FAMILY = "1,2";
				TEST_TARGET_NAME = ResumeAI;
			};
			name = Debug;
		};
		840F9F842D892778000E280B /* Release */ = {
			isa = XCBuildConfiguration;
			buildSettings = {
				CODE_SIGN_STYLE = Automatic;
				CURRENT_PROJECT_VERSION = 1;
				DEVELOPMENT_TEAM = 974Y866NW3;
				GENERATE_INFOPLIST_FILE = YES;
				MARKETING_VERSION = 1.0;
				PRODUCT_BUNDLE_IDENTIFIER = com.Basel.ResumeAI.ResumeAIUITests;
				PRODUCT_NAME = "$(TARGET_NAME)";
				SWIFT_EMIT_LOC_STRINGS = NO;
				SWIFT_VERSION = 5.0;
				TARGETED_DEVICE_FAMILY = "1,2";
				TEST_TARGET_NAME = ResumeAI;
			};
			name = Release;
		};
/* End XCBuildConfiguration section */

/* Begin XCConfigurationList section */
		840F9F532D892777000E280B /* Build configuration list for PBXProject "ResumeAI" */ = {
			isa = XCConfigurationList;
			buildConfigurations = (
				840F9F7A2D892778000E280B /* Debug */,
				840F9F7B2D892778000E280B /* Release */,
			);
			defaultConfigurationIsVisible = 0;
			defaultConfigurationName = Release;
		};
		840F9F7C2D892778000E280B /* Build configuration list for PBXNativeTarget "ResumeAI" */ = {
			isa = XCConfigurationList;
			buildConfigurations = (
				840F9F7D2D892778000E280B /* Debug */,
				840F9F7E2D892778000E280B /* Release */,
			);
			defaultConfigurationIsVisible = 0;
			defaultConfigurationName = Release;
		};
		840F9F7F2D892778000E280B /* Build configuration list for PBXNativeTarget "ResumeAITests" */ = {
			isa = XCConfigurationList;
			buildConfigurations = (
				840F9F802D892778000E280B /* Debug */,
				840F9F812D892778000E280B /* Release */,
			);
			defaultConfigurationIsVisible = 0;
			defaultConfigurationName = Release;
		};
		840F9F822D892778000E280B /* Build configuration list for PBXNativeTarget "ResumeAIUITests" */ = {
			isa = XCConfigurationList;
			buildConfigurations = (
				840F9F832D892778000E280B /* Debug */,
				840F9F842D892778000E280B /* Release */,
			);
			defaultConfigurationIsVisible = 0;
			defaultConfigurationName = Release;
		};
/* End XCConfigurationList section */

/* Begin XCRemoteSwiftPackageReference section */
		840F9F992D89D5FA000E280B /* XCRemoteSwiftPackageReference "generative-ai-swift" */ = {
			isa = XCRemoteSwiftPackageReference;
			repositoryURL = "https://github.com/google/generative-ai-swift";
			requirement = {
				kind = upToNextMajorVersion;
				minimumVersion = 0.5.6;
			};
		};
/* End XCRemoteSwiftPackageReference section */

/* Begin XCSwiftPackageProductDependency section */
		840F9F9B2D89D722000E280B /* GoogleGenerativeAI */ = {
			isa = XCSwiftPackageProductDependency;
			package = 840F9F992D89D5FA000E280B /* XCRemoteSwiftPackageReference "generative-ai-swift" */;
			productName = GoogleGenerativeAI;
		};
/* End XCSwiftPackageProductDependency section */
	};
	rootObject = 840F9F502D892777000E280B /* Project object */;
}
